PODS:
  - AFAboutViewController (0.1.0)

DEPENDENCIES:
  - AFAboutViewController (from `../`)

EXTERNAL SOURCES:
  AFAboutViewController:
    :path: "../"

SPEC CHECKSUMS:
  AFAboutViewController: c5ee4b49c6508c53eca7b300975840113f67d596

PODFILE CHECKSUM: 1ad7464ba9ce756bba934994e32c2970d9b9648f

COCOAPODS: 1.2.1
